
Microsoft Visual Studio Solution File, Format Version 12.00
# Visual Studio Version 16
VisualStudioVersion = 16.0.29806.167
MinimumVisualStudioVersion = 10.0.40219.1
Project("{9A19103F-16F7-4668-BE54-9A1E7A4F7556}") = "RabbitSample.Domain.Core", "src\RabbitSample.Domain.Core\RabbitSample.Domain.Core.csproj", "{0A6B9A5E-4382-4537-AD2F-1D1250F10CCD}"
EndProject
Project("{9A19103F-16F7-4668-BE54-9A1E7A4F7556}") = "RabbitSample.Infrastructure", "src\RabbitSample.Infrastructure\RabbitSample.Infrastructure.csproj", "{8769C1C2-0FF9-4D97-81DD-1644C0E760D2}"
EndProject
Project("{2150E333-8FDC-42A3-9474-1A3956D46DE8}") = "Microservices", "Microservices", "{1F1B5C8A-0CAA-4026-B3D6-33228B69D3A1}"
EndProject
Project("{9A19103F-16F7-4668-BE54-9A1E7A4F7556}") = "RabbitSample.Banking.API", "src\RabbitSample.Banking.API\RabbitSample.Banking.API.csproj", "{3573ABFC-AB88-4F56-B893-199BC168919D}"
EndProject
Project("{9A19103F-16F7-4668-BE54-9A1E7A4F7556}") = "RabbitSimple.Banking.Data", "src\RabbitSimple.Banking.Data\RabbitSimple.Banking.Data.csproj", "{3C0F6B71-C1BC-4FFA-9F1B-96C9C90F8073}"
EndProject
Project("{9A19103F-16F7-4668-BE54-9A1E7A4F7556}") = "RabbitSample.Banking.Application", "src\RabbitSample.Banking.Application\RabbitSample.Banking.Application.csproj", "{87BA5673-94B6-486A-9694-684EAC5CF0F1}"
EndProject
Project("{9A19103F-16F7-4668-BE54-9A1E7A4F7556}") = "RabbitSample.Banking.Domain", "src\RabbitSample.Banking.Domain\RabbitSample.Banking.Domain.csproj", "{1012F6C4-5E69-4A4B-B134-F439B1763686}"
EndProject
Project("{2150E333-8FDC-42A3-9474-1A3956D46DE8}") = "Banking", "Banking", "{907743C2-5365-4A70-8154-E89C0284D007}"
EndProject
Project("{2150E333-8FDC-42A3-9474-1A3956D46DE8}") = "Transfer", "Transfer", "{95C5730A-B6BE-4282-A328-3790CA2E156A}"
EndProject
Project("{9A19103F-16F7-4668-BE54-9A1E7A4F7556}") = "RabbitSample.Transfer.Domain", "src\RabbitSample.Transfer.Domain\RabbitSample.Transfer.Domain.csproj", "{DECF76C6-E649-4548-BCF8-D0A46D0DE5D0}"
EndProject
Project("{9A19103F-16F7-4668-BE54-9A1E7A4F7556}") = "RabbitSample.Transfer.Data", "src\RabbitSample.Transfer.Data\RabbitSample.Transfer.Data.csproj", "{DCA82770-C0FA-431A-A156-C78D8E2198DC}"
EndProject
Project("{9A19103F-16F7-4668-BE54-9A1E7A4F7556}") = "RabbitSample.Transfer.Application", "src\RabbitSample.Transfer.Application\RabbitSample.Transfer.Application.csproj", "{E8087CBE-D2B6-41A1-ACC9-D1D650773B79}"
EndProject
Project("{9A19103F-16F7-4668-BE54-9A1E7A4F7556}") = "RabbitSample.Transfer.API", "src\RabbitSample.Transfer.API\RabbitSample.Transfer.API.csproj", "{3AF3726D-3DD0-4A07-910C-B2E56B2911B7}"
EndProject
Global
	GlobalSection(SolutionConfigurationPlatforms) = preSolution
		Debug|Any CPU = Debug|Any CPU
		Release|Any CPU = Release|Any CPU
	EndGlobalSection
	GlobalSection(ProjectConfigurationPlatforms) = postSolution
		{0A6B9A5E-4382-4537-AD2F-1D1250F10CCD}.Debug|Any CPU.ActiveCfg = Debug|Any CPU
		{0A6B9A5E-4382-4537-AD2F-1D1250F10CCD}.Debug|Any CPU.Build.0 = Debug|Any CPU
		{0A6B9A5E-4382-4537-AD2F-1D1250F10CCD}.Release|Any CPU.ActiveCfg = Release|Any CPU
		{0A6B9A5E-4382-4537-AD2F-1D1250F10CCD}.Release|Any CPU.Build.0 = Release|Any CPU
		{8769C1C2-0FF9-4D97-81DD-1644C0E760D2}.Debug|Any CPU.ActiveCfg = Debug|Any CPU
		{8769C1C2-0FF9-4D97-81DD-1644C0E760D2}.Debug|Any CPU.Build.0 = Debug|Any CPU
		{8769C1C2-0FF9-4D97-81DD-1644C0E760D2}.Release|Any CPU.ActiveCfg = Release|Any CPU
		{8769C1C2-0FF9-4D97-81DD-1644C0E760D2}.Release|Any CPU.Build.0 = Release|Any CPU
		{3573ABFC-AB88-4F56-B893-199BC168919D}.Debug|Any CPU.ActiveCfg = Debug|Any CPU
		{3573ABFC-AB88-4F56-B893-199BC168919D}.Debug|Any CPU.Build.0 = Debug|Any CPU
		{3573ABFC-AB88-4F56-B893-199BC168919D}.Release|Any CPU.ActiveCfg = Release|Any CPU
		{3573ABFC-AB88-4F56-B893-199BC168919D}.Release|Any CPU.Build.0 = Release|Any CPU
		{3C0F6B71-C1BC-4FFA-9F1B-96C9C90F8073}.Debug|Any CPU.ActiveCfg = Debug|Any CPU
		{3C0F6B71-C1BC-4FFA-9F1B-96C9C90F8073}.Debug|Any CPU.Build.0 = Debug|Any CPU
		{3C0F6B71-C1BC-4FFA-9F1B-96C9C90F8073}.Release|Any CPU.ActiveCfg = Release|Any CPU
		{3C0F6B71-C1BC-4FFA-9F1B-96C9C90F8073}.Release|Any CPU.Build.0 = Release|Any CPU
		{87BA5673-94B6-486A-9694-684EAC5CF0F1}.Debug|Any CPU.ActiveCfg = Debug|Any CPU
		{87BA5673-94B6-486A-9694-684EAC5CF0F1}.Debug|Any CPU.Build.0 = Debug|Any CPU
		{87BA5673-94B6-486A-9694-684EAC5CF0F1}.Release|Any CPU.ActiveCfg = Release|Any CPU
		{87BA5673-94B6-486A-9694-684EAC5CF0F1}.Release|Any CPU.Build.0 = Release|Any CPU
		{1012F6C4-5E69-4A4B-B134-F439B1763686}.Debug|Any CPU.ActiveCfg = Debug|Any CPU
		{1012F6C4-5E69-4A4B-B134-F439B1763686}.Debug|Any CPU.Build.0 = Debug|Any CPU
		{1012F6C4-5E69-4A4B-B134-F439B1763686}.Release|Any CPU.ActiveCfg = Release|Any CPU
		{1012F6C4-5E69-4A4B-B134-F439B1763686}.Release|Any CPU.Build.0 = Release|Any CPU
		{DECF76C6-E649-4548-BCF8-D0A46D0DE5D0}.Debug|Any CPU.ActiveCfg = Debug|Any CPU
		{DECF76C6-E649-4548-BCF8-D0A46D0DE5D0}.Debug|Any CPU.Build.0 = Debug|Any CPU
		{DECF76C6-E649-4548-BCF8-D0A46D0DE5D0}.Release|Any CPU.ActiveCfg = Release|Any CPU
		{DECF76C6-E649-4548-BCF8-D0A46D0DE5D0}.Release|Any CPU.Build.0 = Release|Any CPU
		{DCA82770-C0FA-431A-A156-C78D8E2198DC}.Debug|Any CPU.ActiveCfg = Debug|Any CPU
		{DCA82770-C0FA-431A-A156-C78D8E2198DC}.Debug|Any CPU.Build.0 = Debug|Any CPU
		{DCA82770-C0FA-431A-A156-C78D8E2198DC}.Release|Any CPU.ActiveCfg = Release|Any CPU
		{DCA82770-C0FA-431A-A156-C78D8E2198DC}.Release|Any CPU.Build.0 = Release|Any CPU
		{E8087CBE-D2B6-41A1-ACC9-D1D650773B79}.Debug|Any CPU.ActiveCfg = Debug|Any CPU
		{E8087CBE-D2B6-41A1-ACC9-D1D650773B79}.Debug|Any CPU.Build.0 = Debug|Any CPU
		{E8087CBE-D2B6-41A1-ACC9-D1D650773B79}.Release|Any CPU.ActiveCfg = Release|Any CPU
		{E8087CBE-D2B6-41A1-ACC9-D1D650773B79}.Release|Any CPU.Build.0 = Release|Any CPU
		{3AF3726D-3DD0-4A07-910C-B2E56B2911B7}.Debug|Any CPU.ActiveCfg = Debug|Any CPU
		{3AF3726D-3DD0-4A07-910C-B2E56B2911B7}.Debug|Any CPU.Build.0 = Debug|Any CPU
		{3AF3726D-3DD0-4A07-910C-B2E56B2911B7}.Release|Any CPU.ActiveCfg = Release|Any CPU
		{3AF3726D-3DD0-4A07-910C-B2E56B2911B7}.Release|Any CPU.Build.0 = Release|Any CPU
	EndGlobalSection
	GlobalSection(SolutionProperties) = preSolution
		HideSolutionNode = FALSE
	EndGlobalSection
	GlobalSection(NestedProjects) = preSolution
		{3573ABFC-AB88-4F56-B893-199BC168919D} = {907743C2-5365-4A70-8154-E89C0284D007}
		{3C0F6B71-C1BC-4FFA-9F1B-96C9C90F8073} = {907743C2-5365-4A70-8154-E89C0284D007}
		{87BA5673-94B6-486A-9694-684EAC5CF0F1} = {907743C2-5365-4A70-8154-E89C0284D007}
		{1012F6C4-5E69-4A4B-B134-F439B1763686} = {907743C2-5365-4A70-8154-E89C0284D007}
		{907743C2-5365-4A70-8154-E89C0284D007} = {1F1B5C8A-0CAA-4026-B3D6-33228B69D3A1}
		{95C5730A-B6BE-4282-A328-3790CA2E156A} = {1F1B5C8A-0CAA-4026-B3D6-33228B69D3A1}
		{DECF76C6-E649-4548-BCF8-D0A46D0DE5D0} = {95C5730A-B6BE-4282-A328-3790CA2E156A}
		{DCA82770-C0FA-431A-A156-C78D8E2198DC} = {95C5730A-B6BE-4282-A328-3790CA2E156A}
		{E8087CBE-D2B6-41A1-ACC9-D1D650773B79} = {95C5730A-B6BE-4282-A328-3790CA2E156A}
		{3AF3726D-3DD0-4A07-910C-B2E56B2911B7} = {95C5730A-B6BE-4282-A328-3790CA2E156A}
	EndGlobalSection
	GlobalSection(ExtensibilityGlobals) = postSolution
		SolutionGuid = {EC7C0008-78B3-454C-9AFA-8793D4A3C987}
	EndGlobalSection
EndGlobal
